
Microsoft Visual Studio Solution File, Format Version 12.00
# Visual Studio Version 17
VisualStudioVersion = 17.1.32228.430
MinimumVisualStudioVersion = 10.0.40219.1
Project("{FAE04EC0-301F-11D3-BF4B-00C04F79EFBC}") = "Olmp", "Olmp\Olmp.csproj", "{DEF7F892-81DD-45CF-9FD3-57DEA73305F9}"
EndProject
Global
	GlobalSection(SolutionConfigurationPlatforms) = preSolution
		Debug|Any CPU = Debug|Any CPU
		Release|Any CPU = Release|Any CPU
	EndGlobalSection
	GlobalSection(ProjectConfigurationPlatforms) = postSolution
		{DEF7F892-81DD-45CF-9FD3-57DEA73305F9}.Debug|Any CPU.ActiveCfg = Debug|Any CPU
		{DEF7F892-81DD-45CF-9FD3-57DEA73305F9}.Debug|Any CPU.Build.0 = Debug|Any CPU
		{DEF7F892-81DD-45CF-9FD3-57DEA73305F9}.Release|Any CPU.ActiveCfg = Release|Any CPU
		{DEF7F892-81DD-45CF-9FD3-57DEA73305F9}.Release|Any CPU.Build.0 = Release|Any CPU
	EndGlobalSection
	GlobalSection(SolutionProperties) = preSolution
		HideSolutionNode = FALSE
	EndGlobalSection
	GlobalSection(ExtensibilityGlobals) = postSolution
		SolutionGuid = {1DD397AE-7554-475C-8B67-60F3F7EBBE82}
	EndGlobalSection
EndGlobal
